// !$*UTF8*$!
{
	archiveVersion = 1;
	classes = {
	};
	objectVersion = 55;
	objects = {

/* Begin PBXBuildFile section */
		5510328D279ED8DA00C05999 /* EventsTests.swift in Sources */ = {isa = PBXBuildFile; fileRef = 5510328C279ED8DA00C05999 /* EventsTests.swift */; };
		5510328F279EEFCC00C05999 /* DetailsTests.swift in Sources */ = {isa = PBXBuildFile; fileRef = 5510328E279EEFCC00C05999 /* DetailsTests.swift */; };
		559506A6279882EE00C6FB6E /* EventsContract.swift in Sources */ = {isa = PBXBuildFile; fileRef = 559506A5279882EE00C6FB6E /* EventsContract.swift */; };
		559506AA279883D000C6FB6E /* EventsRouter.swift in Sources */ = {isa = PBXBuildFile; fileRef = 559506A9279883D000C6FB6E /* EventsRouter.swift */; };
		559506AC279883D900C6FB6E /* EventsInteractor.swift in Sources */ = {isa = PBXBuildFile; fileRef = 559506AB279883D900C6FB6E /* EventsInteractor.swift */; };
		559506AE279883E000C6FB6E /* EventsPresenter.swift in Sources */ = {isa = PBXBuildFile; fileRef = 559506AD279883E000C6FB6E /* EventsPresenter.swift */; };
		559506B02798840100C6FB6E /* EventsView.swift in Sources */ = {isa = PBXBuildFile; fileRef = 559506AF2798840100C6FB6E /* EventsView.swift */; };
		559506B22798875300C6FB6E /* EventsView.xib in Resources */ = {isa = PBXBuildFile; fileRef = 559506B12798875300C6FB6E /* EventsView.xib */; };
		559506B82798A09500C6FB6E /* DetailsContract.swift in Sources */ = {isa = PBXBuildFile; fileRef = 559506B32798A09500C6FB6E /* DetailsContract.swift */; };
		559506B92798A09500C6FB6E /* DetailsPresenter.swift in Sources */ = {isa = PBXBuildFile; fileRef = 559506B42798A09500C6FB6E /* DetailsPresenter.swift */; };
		559506BA2798A09500C6FB6E /* DetailsRouter.swift in Sources */ = {isa = PBXBuildFile; fileRef = 559506B52798A09500C6FB6E /* DetailsRouter.swift */; };
		559506BB2798A09500C6FB6E /* DetailsViewController.swift in Sources */ = {isa = PBXBuildFile; fileRef = 559506B62798A09500C6FB6E /* DetailsViewController.swift */; };
		559506BC2798A09500C6FB6E /* DetailsInteractor.swift in Sources */ = {isa = PBXBuildFile; fileRef = 559506B72798A09500C6FB6E /* DetailsInteractor.swift */; };
		559506BE2798A2C500C6FB6E /* DetailsViewController.xib in Resources */ = {isa = PBXBuildFile; fileRef = 559506BD2798A2C500C6FB6E /* DetailsViewController.xib */; };
		55A0C6FC276D124E0042C950 /* EventService.swift in Sources */ = {isa = PBXBuildFile; fileRef = 55A0C6FB276D124E0042C950 /* EventService.swift */; };
		55A0C700276D14080042C950 /* EventCell.swift in Sources */ = {isa = PBXBuildFile; fileRef = 55A0C6FE276D14080042C950 /* EventCell.swift */; };
		55A0C701276D14080042C950 /* EventCell.xib in Resources */ = {isa = PBXBuildFile; fileRef = 55A0C6FF276D14080042C950 /* EventCell.xib */; };
		55E6AD76276A8FA00040BD7F /* AppDelegate.swift in Sources */ = {isa = PBXBuildFile; fileRef = 55E6AD75276A8FA00040BD7F /* AppDelegate.swift */; };
		55E6AD78276A8FA00040BD7F /* SceneDelegate.swift in Sources */ = {isa = PBXBuildFile; fileRef = 55E6AD77276A8FA00040BD7F /* SceneDelegate.swift */; };
		55E6AD7D276A8FA00040BD7F /* Main.storyboard in Resources */ = {isa = PBXBuildFile; fileRef = 55E6AD7B276A8FA00040BD7F /* Main.storyboard */; };
		55E6AD7F276A8FA10040BD7F /* Assets.xcassets in Resources */ = {isa = PBXBuildFile; fileRef = 55E6AD7E276A8FA10040BD7F /* Assets.xcassets */; };
		55E6AD82276A8FA10040BD7F /* LaunchScreen.storyboard in Resources */ = {isa = PBXBuildFile; fileRef = 55E6AD80276A8FA10040BD7F /* LaunchScreen.storyboard */; };
		55E6AD8D276A94CE0040BD7F /* ClientAPI.swift in Sources */ = {isa = PBXBuildFile; fileRef = 55E6AD8C276A94CE0040BD7F /* ClientAPI.swift */; };
		55E6AD90276A967F0040BD7F /* Event.swift in Sources */ = {isa = PBXBuildFile; fileRef = 55E6AD8F276A967F0040BD7F /* Event.swift */; };
		55E6AD92276AA25B0040BD7F /* Extensions.swift in Sources */ = {isa = PBXBuildFile; fileRef = 55E6AD91276AA25B0040BD7F /* Extensions.swift */; };
		57667280B60F152AB45F8B7C /* Pods_sicredi_test.framework in Frameworks */ = {isa = PBXBuildFile; fileRef = 7096622190CCE94734564190 /* Pods_sicredi_test.framework */; };
/* End PBXBuildFile section */

/* Begin PBXContainerItemProxy section */
		55103285279ED7F200C05999 /* PBXContainerItemProxy */ = {
			isa = PBXContainerItemProxy;
			containerPortal = 55E6AD6A276A8F9F0040BD7F /* Project object */;
			proxyType = 1;
			remoteGlobalIDString = 55E6AD71276A8FA00040BD7F;
			remoteInfo = "sicredi-test";
		};
/* End PBXContainerItemProxy section */

/* Begin PBXFileReference section */
		55103281279ED7F200C05999 /* sicredi-testTests.xctest */ = {isa = PBXFileReference; explicitFileType = wrapper.cfbundle; includeInIndex = 0; path = "sicredi-testTests.xctest"; sourceTree = BUILT_PRODUCTS_DIR; };
		5510328C279ED8DA00C05999 /* EventsTests.swift */ = {isa = PBXFileReference; fileEncoding = 4; lastKnownFileType = sourcecode.swift; path = EventsTests.swift; sourceTree = "<group>"; };
		5510328E279EEFCC00C05999 /* DetailsTests.swift */ = {isa = PBXFileReference; lastKnownFileType = sourcecode.swift; path = DetailsTests.swift; sourceTree = "<group>"; };
		559506A5279882EE00C6FB6E /* EventsContract.swift */ = {isa = PBXFileReference; lastKnownFileType = sourcecode.swift; path = EventsContract.swift; sourceTree = "<group>"; };
		559506A9279883D000C6FB6E /* EventsRouter.swift */ = {isa = PBXFileReference; lastKnownFileType = sourcecode.swift; path = EventsRouter.swift; sourceTree = "<group>"; };
		559506AB279883D900C6FB6E /* EventsInteractor.swift */ = {isa = PBXFileReference; lastKnownFileType = sourcecode.swift; path = EventsInteractor.swift; sourceTree = "<group>"; };
		559506AD279883E000C6FB6E /* EventsPresenter.swift */ = {isa = PBXFileReference; lastKnownFileType = sourcecode.swift; path = EventsPresenter.swift; sourceTree = "<group>"; };
		559506AF2798840100C6FB6E /* EventsView.swift */ = {isa = PBXFileReference; lastKnownFileType = sourcecode.swift; path = EventsView.swift; sourceTree = "<group>"; };
		559506B12798875300C6FB6E /* EventsView.xib */ = {isa = PBXFileReference; lastKnownFileType = file.xib; path = EventsView.xib; sourceTree = "<group>"; };
		559506B32798A09500C6FB6E /* DetailsContract.swift */ = {isa = PBXFileReference; lastKnownFileType = sourcecode.swift; path = DetailsContract.swift; sourceTree = "<group>"; };
		559506B42798A09500C6FB6E /* DetailsPresenter.swift */ = {isa = PBXFileReference; lastKnownFileType = sourcecode.swift; path = DetailsPresenter.swift; sourceTree = "<group>"; };
		559506B52798A09500C6FB6E /* DetailsRouter.swift */ = {isa = PBXFileReference; lastKnownFileType = sourcecode.swift; path = DetailsRouter.swift; sourceTree = "<group>"; };
		559506B62798A09500C6FB6E /* DetailsViewController.swift */ = {isa = PBXFileReference; lastKnownFileType = sourcecode.swift; path = DetailsViewController.swift; sourceTree = "<group>"; };
		559506B72798A09500C6FB6E /* DetailsInteractor.swift */ = {isa = PBXFileReference; lastKnownFileType = sourcecode.swift; path = DetailsInteractor.swift; sourceTree = "<group>"; };
		559506BD2798A2C500C6FB6E /* DetailsViewController.xib */ = {isa = PBXFileReference; lastKnownFileType = file.xib; path = DetailsViewController.xib; sourceTree = "<group>"; };
		55A0C6FB276D124E0042C950 /* EventService.swift */ = {isa = PBXFileReference; lastKnownFileType = sourcecode.swift; path = EventService.swift; sourceTree = "<group>"; };
		55A0C6FE276D14080042C950 /* EventCell.swift */ = {isa = PBXFileReference; lastKnownFileType = sourcecode.swift; path = EventCell.swift; sourceTree = "<group>"; };
		55A0C6FF276D14080042C950 /* EventCell.xib */ = {isa = PBXFileReference; lastKnownFileType = file.xib; path = EventCell.xib; sourceTree = "<group>"; };
		55E6AD72276A8FA00040BD7F /* sicredi-test.app */ = {isa = PBXFileReference; explicitFileType = wrapper.application; includeInIndex = 0; path = "sicredi-test.app"; sourceTree = BUILT_PRODUCTS_DIR; };
		55E6AD75276A8FA00040BD7F /* AppDelegate.swift */ = {isa = PBXFileReference; lastKnownFileType = sourcecode.swift; path = AppDelegate.swift; sourceTree = "<group>"; };
		55E6AD77276A8FA00040BD7F /* SceneDelegate.swift */ = {isa = PBXFileReference; lastKnownFileType = sourcecode.swift; path = SceneDelegate.swift; sourceTree = "<group>"; };
		55E6AD7C276A8FA00040BD7F /* Base */ = {isa = PBXFileReference; lastKnownFileType = file.storyboard; name = Base; path = Base.lproj/Main.storyboard; sourceTree = "<group>"; };
		55E6AD7E276A8FA10040BD7F /* Assets.xcassets */ = {isa = PBXFileReference; lastKnownFileType = folder.assetcatalog; path = Assets.xcassets; sourceTree = "<group>"; };
		55E6AD81276A8FA10040BD7F /* Base */ = {isa = PBXFileReference; lastKnownFileType = file.storyboard; name = Base; path = Base.lproj/LaunchScreen.storyboard; sourceTree = "<group>"; };
		55E6AD83276A8FA10040BD7F /* Info.plist */ = {isa = PBXFileReference; lastKnownFileType = text.plist.xml; path = Info.plist; sourceTree = "<group>"; };
		55E6AD8C276A94CE0040BD7F /* ClientAPI.swift */ = {isa = PBXFileReference; lastKnownFileType = sourcecode.swift; path = ClientAPI.swift; sourceTree = "<group>"; };
		55E6AD8F276A967F0040BD7F /* Event.swift */ = {isa = PBXFileReference; lastKnownFileType = sourcecode.swift; path = Event.swift; sourceTree = "<group>"; };
		55E6AD91276AA25B0040BD7F /* Extensions.swift */ = {isa = PBXFileReference; lastKnownFileType = sourcecode.swift; path = Extensions.swift; sourceTree = "<group>"; };
		7096622190CCE94734564190 /* Pods_sicredi_test.framework */ = {isa = PBXFileReference; explicitFileType = wrapper.framework; includeInIndex = 0; path = Pods_sicredi_test.framework; sourceTree = BUILT_PRODUCTS_DIR; };
		7450FBF2ADA3B2D1394FD95A /* Pods-sicredi-test.debug.xcconfig */ = {isa = PBXFileReference; includeInIndex = 1; lastKnownFileType = text.xcconfig; name = "Pods-sicredi-test.debug.xcconfig"; path = "Target Support Files/Pods-sicredi-test/Pods-sicredi-test.debug.xcconfig"; sourceTree = "<group>"; };
		9A0D06059E33C1AD4AD60ADE /* Pods-sicredi-test.release.xcconfig */ = {isa = PBXFileReference; includeInIndex = 1; lastKnownFileType = text.xcconfig; name = "Pods-sicredi-test.release.xcconfig"; path = "Target Support Files/Pods-sicredi-test/Pods-sicredi-test.release.xcconfig"; sourceTree = "<group>"; };
/* End PBXFileReference section */

/* Begin PBXFrameworksBuildPhase section */
		5510327E279ED7F200C05999 /* Frameworks */ = {
			isa = PBXFrameworksBuildPhase;
			buildActionMask = 2147483647;
			files = (
			);
			runOnlyForDeploymentPostprocessing = 0;
		};
		55E6AD6F276A8FA00040BD7F /* Frameworks */ = {
			isa = PBXFrameworksBuildPhase;
			buildActionMask = 2147483647;
			files = (
				57667280B60F152AB45F8B7C /* Pods_sicredi_test.framework in Frameworks */,
			);
			runOnlyForDeploymentPostprocessing = 0;
		};
/* End PBXFrameworksBuildPhase section */

/* Begin PBXGroup section */
		042FEC6E9E68CDEB024EEDDF /* Frameworks */ = {
			isa = PBXGroup;
			children = (
				7096622190CCE94734564190 /* Pods_sicredi_test.framework */,
			);
			name = Frameworks;
			sourceTree = "<group>";
		};
		55103282279ED7F200C05999 /* sicredi-testTests */ = {
			isa = PBXGroup;
			children = (
				5510328C279ED8DA00C05999 /* EventsTests.swift */,
				5510328E279EEFCC00C05999 /* DetailsTests.swift */,
			);
			path = "sicredi-testTests";
			sourceTree = "<group>";
		};
		559506A4279882D800C6FB6E /* VIPER */ = {
			isa = PBXGroup;
			children = (
				559506A7279882F300C6FB6E /* Events */,
				559506A82798830000C6FB6E /* Details */,
			);
			path = VIPER;
			sourceTree = "<group>";
		};
		559506A7279882F300C6FB6E /* Events */ = {
			isa = PBXGroup;
			children = (
				55A0C6FD276D13F00042C950 /* Cell */,
				559506A5279882EE00C6FB6E /* EventsContract.swift */,
				559506A9279883D000C6FB6E /* EventsRouter.swift */,
				559506AB279883D900C6FB6E /* EventsInteractor.swift */,
				559506AD279883E000C6FB6E /* EventsPresenter.swift */,
				559506AF2798840100C6FB6E /* EventsView.swift */,
				559506B12798875300C6FB6E /* EventsView.xib */,
			);
			path = Events;
			sourceTree = "<group>";
		};
		559506A82798830000C6FB6E /* Details */ = {
			isa = PBXGroup;
			children = (
				559506B32798A09500C6FB6E /* DetailsContract.swift */,
				559506B42798A09500C6FB6E /* DetailsPresenter.swift */,
				559506B52798A09500C6FB6E /* DetailsRouter.swift */,
				559506B72798A09500C6FB6E /* DetailsInteractor.swift */,
				559506B62798A09500C6FB6E /* DetailsViewController.swift */,
				559506BD2798A2C500C6FB6E /* DetailsViewController.xib */,
			);
			path = Details;
			sourceTree = "<group>";
		};
		55A0C6FA276D12430042C950 /* Services */ = {
			isa = PBXGroup;
			children = (
				55A0C6FB276D124E0042C950 /* EventService.swift */,
			);
			path = Services;
			sourceTree = "<group>";
		};
		55A0C6FD276D13F00042C950 /* Cell */ = {
			isa = PBXGroup;
			children = (
				55A0C6FE276D14080042C950 /* EventCell.swift */,
				55A0C6FF276D14080042C950 /* EventCell.xib */,
			);
			path = Cell;
			sourceTree = "<group>";
		};
		55E6AD69276A8F9F0040BD7F = {
			isa = PBXGroup;
			children = (
				55E6AD74276A8FA00040BD7F /* sicredi-test */,
				55103282279ED7F200C05999 /* sicredi-testTests */,
				55E6AD73276A8FA00040BD7F /* Products */,
				DA894999E47D67E787BAF1BD /* Pods */,
				042FEC6E9E68CDEB024EEDDF /* Frameworks */,
			);
			sourceTree = "<group>";
		};
		55E6AD73276A8FA00040BD7F /* Products */ = {
			isa = PBXGroup;
			children = (
				55E6AD72276A8FA00040BD7F /* sicredi-test.app */,
				55103281279ED7F200C05999 /* sicredi-testTests.xctest */,
			);
			name = Products;
			sourceTree = "<group>";
		};
		55E6AD74276A8FA00040BD7F /* sicredi-test */ = {
			isa = PBXGroup;
			children = (
				559506A4279882D800C6FB6E /* VIPER */,
				55A0C6FA276D12430042C950 /* Services */,
				55E6AD8E276A94D40040BD7F /* Model */,
				55E6AD75276A8FA00040BD7F /* AppDelegate.swift */,
				55E6AD77276A8FA00040BD7F /* SceneDelegate.swift */,
				55E6AD91276AA25B0040BD7F /* Extensions.swift */,
				55E6AD7B276A8FA00040BD7F /* Main.storyboard */,
				55E6AD7E276A8FA10040BD7F /* Assets.xcassets */,
				55E6AD80276A8FA10040BD7F /* LaunchScreen.storyboard */,
				55E6AD83276A8FA10040BD7F /* Info.plist */,
			);
			path = "sicredi-test";
			sourceTree = "<group>";
		};
		55E6AD8E276A94D40040BD7F /* Model */ = {
			isa = PBXGroup;
			children = (
				55E6AD8C276A94CE0040BD7F /* ClientAPI.swift */,
				55E6AD8F276A967F0040BD7F /* Event.swift */,
			);
			path = Model;
			sourceTree = "<group>";
		};
		DA894999E47D67E787BAF1BD /* Pods */ = {
			isa = PBXGroup;
			children = (
				7450FBF2ADA3B2D1394FD95A /* Pods-sicredi-test.debug.xcconfig */,
				9A0D06059E33C1AD4AD60ADE /* Pods-sicredi-test.release.xcconfig */,
			);
			path = Pods;
			sourceTree = "<group>";
		};
/* End PBXGroup section */

/* Begin PBXNativeTarget section */
		55103280279ED7F200C05999 /* sicredi-testTests */ = {
			isa = PBXNativeTarget;
			buildConfigurationList = 55103289279ED7F200C05999 /* Build configuration list for PBXNativeTarget "sicredi-testTests" */;
			buildPhases = (
				5510327D279ED7F200C05999 /* Sources */,
				5510327E279ED7F200C05999 /* Frameworks */,
				5510327F279ED7F200C05999 /* Resources */,
			);
			buildRules = (
			);
			dependencies = (
				55103286279ED7F200C05999 /* PBXTargetDependency */,
			);
			name = "sicredi-testTests";
			productName = "sicredi-testTests";
			productReference = 55103281279ED7F200C05999 /* sicredi-testTests.xctest */;
			productType = "com.apple.product-type.bundle.unit-test";
		};
		55E6AD71276A8FA00040BD7F /* sicredi-test */ = {
			isa = PBXNativeTarget;
			buildConfigurationList = 55E6AD86276A8FA10040BD7F /* Build configuration list for PBXNativeTarget "sicredi-test" */;
			buildPhases = (
				CE0A6CB1235DC5022206361B /* [CP] Check Pods Manifest.lock */,
				55E6AD6E276A8FA00040BD7F /* Sources */,
				55E6AD6F276A8FA00040BD7F /* Frameworks */,
				55E6AD70276A8FA00040BD7F /* Resources */,
				885993BD115DF62814D12CEE /* [CP] Embed Pods Frameworks */,
			);
			buildRules = (
			);
			dependencies = (
			);
			name = "sicredi-test";
			productName = "sicredi-test";
			productReference = 55E6AD72276A8FA00040BD7F /* sicredi-test.app */;
			productType = "com.apple.product-type.application";
		};
/* End PBXNativeTarget section */

/* Begin PBXProject section */
		55E6AD6A276A8F9F0040BD7F /* Project object */ = {
			isa = PBXProject;
			attributes = {
				BuildIndependentTargetsInParallel = 1;
				LastSwiftUpdateCheck = 1320;
				LastUpgradeCheck = 1320;
				TargetAttributes = {
					55103280279ED7F200C05999 = {
						CreatedOnToolsVersion = 13.2;
						TestTargetID = 55E6AD71276A8FA00040BD7F;
					};
					55E6AD71276A8FA00040BD7F = {
						CreatedOnToolsVersion = 13.2;
					};
				};
			};
			buildConfigurationList = 55E6AD6D276A8F9F0040BD7F /* Build configuration list for PBXProject "sicredi-test" */;
			compatibilityVersion = "Xcode 13.0";
			developmentRegion = en;
			hasScannedForEncodings = 0;
			knownRegions = (
				en,
				Base,
			);
			mainGroup = 55E6AD69276A8F9F0040BD7F;
			productRefGroup = 55E6AD73276A8FA00040BD7F /* Products */;
			projectDirPath = "";
			projectRoot = "";
			targets = (
				55E6AD71276A8FA00040BD7F /* sicredi-test */,
				55103280279ED7F200C05999 /* sicredi-testTests */,
			);
		};
/* End PBXProject section */

/* Begin PBXResourcesBuildPhase section */
		5510327F279ED7F200C05999 /* Resources */ = {
			isa = PBXResourcesBuildPhase;
			buildActionMask = 2147483647;
			files = (
			);
			runOnlyForDeploymentPostprocessing = 0;
		};
		55E6AD70276A8FA00040BD7F /* Resources */ = {
			isa = PBXResourcesBuildPhase;
			buildActionMask = 2147483647;
			files = (
				55A0C701276D14080042C950 /* EventCell.xib in Resources */,
				559506B22798875300C6FB6E /* EventsView.xib in Resources */,
				55E6AD82276A8FA10040BD7F /* LaunchScreen.storyboard in Resources */,
				55E6AD7F276A8FA10040BD7F /* Assets.xcassets in Resources */,
				55E6AD7D276A8FA00040BD7F /* Main.storyboard in Resources */,
				559506BE2798A2C500C6FB6E /* DetailsViewController.xib in Resources */,
			);
			runOnlyForDeploymentPostprocessing = 0;
		};
/* End PBXResourcesBuildPhase section */

/* Begin PBXShellScriptBuildPhase section */
		885993BD115DF62814D12CEE /* [CP] Embed Pods Frameworks */ = {
			isa = PBXShellScriptBuildPhase;
			buildActionMask = 2147483647;
			files = (
			);
			inputFileListPaths = (
				"${PODS_ROOT}/Target Support Files/Pods-sicredi-test/Pods-sicredi-test-frameworks-${CONFIGURATION}-input-files.xcfilelist",
			);
			name = "[CP] Embed Pods Frameworks";
			outputFileListPaths = (
				"${PODS_ROOT}/Target Support Files/Pods-sicredi-test/Pods-sicredi-test-frameworks-${CONFIGURATION}-output-files.xcfilelist",
			);
			runOnlyForDeploymentPostprocessing = 0;
			shellPath = /bin/sh;
			shellScript = "\"${PODS_ROOT}/Target Support Files/Pods-sicredi-test/Pods-sicredi-test-frameworks.sh\"\n";
			showEnvVarsInLog = 0;
		};
		CE0A6CB1235DC5022206361B /* [CP] Check Pods Manifest.lock */ = {
			isa = PBXShellScriptBuildPhase;
			buildActionMask = 2147483647;
			files = (
			);
			inputFileListPaths = (
			);
			inputPaths = (
				"${PODS_PODFILE_DIR_PATH}/Podfile.lock",
				"${PODS_ROOT}/Manifest.lock",
			);
			name = "[CP] Check Pods Manifest.lock";
			outputFileListPaths = (
			);
			outputPaths = (
				"$(DERIVED_FILE_DIR)/Pods-sicredi-test-checkManifestLockResult.txt",
			);
			runOnlyForDeploymentPostprocessing = 0;
			shellPath = /bin/sh;
			shellScript = "diff \"${PODS_PODFILE_DIR_PATH}/Podfile.lock\" \"${PODS_ROOT}/Manifest.lock\" > /dev/null\nif [ $? != 0 ] ; then\n    # print error to STDERR\n    echo \"error: The sandbox is not in sync with the Podfile.lock. Run 'pod install' or update your CocoaPods installation.\" >&2\n    exit 1\nfi\n# This output is used by Xcode 'outputs' to avoid re-running this script phase.\necho \"SUCCESS\" > \"${SCRIPT_OUTPUT_FILE_0}\"\n";
			showEnvVarsInLog = 0;
		};
/* End PBXShellScriptBuildPhase section */

/* Begin PBXSourcesBuildPhase section */
		5510327D279ED7F200C05999 /* Sources */ = {
			isa = PBXSourcesBuildPhase;
			buildActionMask = 2147483647;
			files = (
				5510328F279EEFCC00C05999 /* DetailsTests.swift in Sources */,
				5510328D279ED8DA00C05999 /* EventsTests.swift in Sources */,
			);
			runOnlyForDeploymentPostprocessing = 0;
		};
		55E6AD6E276A8FA00040BD7F /* Sources */ = {
			isa = PBXSourcesBuildPhase;
			buildActionMask = 2147483647;
			files = (
				559506AA279883D000C6FB6E /* EventsRouter.swift in Sources */,
				559506AC279883D900C6FB6E /* EventsInteractor.swift in Sources */,
				559506A6279882EE00C6FB6E /* EventsContract.swift in Sources */,
				559506B82798A09500C6FB6E /* DetailsContract.swift in Sources */,
				55E6AD76276A8FA00040BD7F /* AppDelegate.swift in Sources */,
				559506B02798840100C6FB6E /* EventsView.swift in Sources */,
				559506BC2798A09500C6FB6E /* DetailsInteractor.swift in Sources */,
				559506B92798A09500C6FB6E /* DetailsPresenter.swift in Sources */,
				559506BB2798A09500C6FB6E /* DetailsViewController.swift in Sources */,
				55E6AD78276A8FA00040BD7F /* SceneDelegate.swift in Sources */,
				55E6AD8D276A94CE0040BD7F /* ClientAPI.swift in Sources */,
				559506BA2798A09500C6FB6E /* DetailsRouter.swift in Sources */,
				55A0C700276D14080042C950 /* EventCell.swift in Sources */,
				55E6AD90276A967F0040BD7F /* Event.swift in Sources */,
				55E6AD92276AA25B0040BD7F /* Extensions.swift in Sources */,
				559506AE279883E000C6FB6E /* EventsPresenter.swift in Sources */,
				55A0C6FC276D124E0042C950 /* EventService.swift in Sources */,
			);
			runOnlyForDeploymentPostprocessing = 0;
		};
/* End PBXSourcesBuildPhase section */

/* Begin PBXTargetDependency section */
		55103286279ED7F200C05999 /* PBXTargetDependency */ = {
			isa = PBXTargetDependency;
			target = 55E6AD71276A8FA00040BD7F /* sicredi-test */;
			targetProxy = 55103285279ED7F200C05999 /* PBXContainerItemProxy */;
		};
/* End PBXTargetDependency section */

/* Begin PBXVariantGroup section */
		55E6AD7B276A8FA00040BD7F /* Main.storyboard */ = {
			isa = PBXVariantGroup;
			children = (
				55E6AD7C276A8FA00040BD7F /* Base */,
			);
			name = Main.storyboard;
			sourceTree = "<group>";
		};
		55E6AD80276A8FA10040BD7F /* LaunchScreen.storyboard */ = {
			isa = PBXVariantGroup;
			children = (
				55E6AD81276A8FA10040BD7F /* Base */,
			);
			name = LaunchScreen.storyboard;
			sourceTree = "<group>";
		};
/* End PBXVariantGroup section */

/* Begin XCBuildConfiguration section */
		55103287279ED7F200C05999 /* Debug */ = {
			isa = XCBuildConfiguration;
			buildSettings = {
				BUNDLE_LOADER = "$(TEST_HOST)";
				CODE_SIGN_STYLE = Automatic;
				CURRENT_PROJECT_VERSION = 1;
				DEVELOPMENT_TEAM = C8ULV38G2Z;
				GENERATE_INFOPLIST_FILE = YES;
				MARKETING_VERSION = 1.0;
				PRODUCT_BUNDLE_IDENTIFIER = "com.fernando.sicredi-testTests";
				PRODUCT_NAME = "$(TARGET_NAME)";
				SWIFT_EMIT_LOC_STRINGS = NO;
				SWIFT_VERSION = 5.0;
				TARGETED_DEVICE_FAMILY = "1,2";
				TEST_HOST = "$(BUILT_PRODUCTS_DIR)/sicredi-test.app/sicredi-test";
			};
			name = Debug;
		};
		55103288279ED7F200C05999 /* Release */ = {
			isa = XCBuildConfiguration;
			buildSettings = {
				BUNDLE_LOADER = "$(TEST_HOST)";
				CODE_SIGN_STYLE = Automatic;
				CURRENT_PROJECT_VERSION = 1;
				DEVELOPMENT_TEAM = C8ULV38G2Z;
				GENERATE_INFOPLIST_FILE = YES;
				MARKETING_VERSION = 1.0;
				PRODUCT_BUNDLE_IDENTIFIER = "com.fernando.sicredi-testTests";
				PRODUCT_NAME = "$(TARGET_NAME)";
				SWIFT_EMIT_LOC_STRINGS = NO;
				SWIFT_VERSION = 5.0;
				TARGETED_DEVICE_FAMILY = "1,2";
				TEST_HOST = "$(BUILT_PRODUCTS_DIR)/sicredi-test.app/sicredi-test";
			};
			name = Release;
		};
		55E6AD84276A8FA10040BD7F /* Debug */ = {
			isa = XCBuildConfiguration;
			buildSettings = {
				ALWAYS_SEARCH_USER_PATHS = NO;
				CLANG_ANALYZER_NONNULL = YES;
				CLANG_ANALYZER_NUMBER_OBJECT_CONVERSION = YES_AGGRESSIVE;
				CLANG_CXX_LANGUAGE_STANDARD = "gnu++17";
				CLANG_CXX_LIBRARY = "libc++";
				CLANG_ENABLE_MODULES = YES;
				CLANG_ENABLE_OBJC_ARC = YES;
				CLANG_ENABLE_OBJC_WEAK = YES;
				CLANG_WARN_BLOCK_CAPTURE_AUTORELEASING = YES;
				CLANG_WARN_BOOL_CONVERSION = YES;
				CLANG_WARN_COMMA = YES;
				CLANG_WARN_CONSTANT_CONVERSION = YES;
				CLANG_WARN_DEPRECATED_OBJC_IMPLEMENTATIONS = YES;
				CLANG_WARN_DIRECT_OBJC_ISA_USAGE = YES_ERROR;
				CLANG_WARN_DOCUMENTATION_COMMENTS = YES;
				CLANG_WARN_EMPTY_BODY = YES;
				CLANG_WARN_ENUM_CONVERSION = YES;
				CLANG_WARN_INFINITE_RECURSION = YES;
				CLANG_WARN_INT_CONVERSION = YES;
				CLANG_WARN_NON_LITERAL_NULL_CONVERSION = YES;
				CLANG_WARN_OBJC_IMPLICIT_RETAIN_SELF = YES;
				CLANG_WARN_OBJC_LITERAL_CONVERSION = YES;
				CLANG_WARN_OBJC_ROOT_CLASS = YES_ERROR;
				CLANG_WARN_QUOTED_INCLUDE_IN_FRAMEWORK_HEADER = YES;
				CLANG_WARN_RANGE_LOOP_ANALYSIS = YES;
				CLANG_WARN_STRICT_PROTOTYPES = YES;
				CLANG_WARN_SUSPICIOUS_MOVE = YES;
				CLANG_WARN_UNGUARDED_AVAILABILITY = YES_AGGRESSIVE;
				CLANG_WARN_UNREACHABLE_CODE = YES;
				CLANG_WARN__DUPLICATE_METHOD_MATCH = YES;
				COPY_PHASE_STRIP = NO;
				DEBUG_INFORMATION_FORMAT = dwarf;
				ENABLE_STRICT_OBJC_MSGSEND = YES;
				ENABLE_TESTABILITY = YES;
				GCC_C_LANGUAGE_STANDARD = gnu11;
				GCC_DYNAMIC_NO_PIC = NO;
				GCC_NO_COMMON_BLOCKS = YES;
				GCC_OPTIMIZATION_LEVEL = 0;
				GCC_PREPROCESSOR_DEFINITIONS = (
					"DEBUG=1",
					"$(inherited)",
				);
				GCC_WARN_64_TO_32_BIT_CONVERSION = YES;
				GCC_WARN_ABOUT_RETURN_TYPE = YES_ERROR;
				GCC_WARN_UNDECLARED_SELECTOR = YES;
				GCC_WARN_UNINITIALIZED_AUTOS = YES_AGGRESSIVE;
				GCC_WARN_UNUSED_FUNCTION = YES;
				GCC_WARN_UNUSED_VARIABLE = YES;
				IPHONEOS_DEPLOYMENT_TARGET = 15.2;
				MTL_ENABLE_DEBUG_INFO = INCLUDE_SOURCE;
				MTL_FAST_MATH = YES;
				ONLY_ACTIVE_ARCH = YES;
				SDKROOT = iphoneos;
				SWIFT_ACTIVE_COMPILATION_CONDITIONS = DEBUG;
				SWIFT_OPTIMIZATION_LEVEL = "-Onone";
			};
			name = Debug;
		};
		55E6AD85276A8FA10040BD7F /* Release */ = {
			isa = XCBuildConfiguration;
			buildSettings = {
				ALWAYS_SEARCH_USER_PATHS = NO;
				CLANG_ANALYZER_NONNULL = YES;
				CLANG_ANALYZER_NUMBER_OBJECT_CONVERSION = YES_AGGRESSIVE;
				CLANG_CXX_LANGUAGE_STANDARD = "gnu++17";
				CLANG_CXX_LIBRARY = "libc++";
				CLANG_ENABLE_MODULES = YES;
				CLANG_ENABLE_OBJC_ARC = YES;
				CLANG_ENABLE_OBJC_WEAK = YES;
				CLANG_WARN_BLOCK_CAPTURE_AUTORELEASING = YES;
				CLANG_WARN_BOOL_CONVERSION = YES;
				CLANG_WARN_COMMA = YES;
				CLANG_WARN_CONSTANT_CONVERSION = YES;
				CLANG_WARN_DEPRECATED_OBJC_IMPLEMENTATIONS = YES;
				CLANG_WARN_DIRECT_OBJC_ISA_USAGE = YES_ERROR;
				CLANG_WARN_DOCUMENTATION_COMMENTS = YES;
				CLANG_WARN_EMPTY_BODY = YES;
				CLANG_WARN_ENUM_CONVERSION = YES;
				CLANG_WARN_INFINITE_RECURSION = YES;
				CLANG_WARN_INT_CONVERSION = YES;
				CLANG_WARN_NON_LITERAL_NULL_CONVERSION = YES;
				CLANG_WARN_OBJC_IMPLICIT_RETAIN_SELF = YES;
				CLANG_WARN_OBJC_LITERAL_CONVERSION = YES;
				CLANG_WARN_OBJC_ROOT_CLASS = YES_ERROR;
				CLANG_WARN_QUOTED_INCLUDE_IN_FRAMEWORK_HEADER = YES;
				CLANG_WARN_RANGE_LOOP_ANALYSIS = YES;
				CLANG_WARN_STRICT_PROTOTYPES = YES;
				CLANG_WARN_SUSPICIOUS_MOVE = YES;
				CLANG_WARN_UNGUARDED_AVAILABILITY = YES_AGGRESSIVE;
				CLANG_WARN_UNREACHABLE_CODE = YES;
				CLANG_WARN__DUPLICATE_METHOD_MATCH = YES;
				COPY_PHASE_STRIP = NO;
				DEBUG_INFORMATION_FORMAT = "dwarf-with-dsym";
				ENABLE_NS_ASSERTIONS = NO;
				ENABLE_STRICT_OBJC_MSGSEND = YES;
				GCC_C_LANGUAGE_STANDARD = gnu11;
				GCC_NO_COMMON_BLOCKS = YES;
				GCC_WARN_64_TO_32_BIT_CONVERSION = YES;
				GCC_WARN_ABOUT_RETURN_TYPE = YES_ERROR;
				GCC_WARN_UNDECLARED_SELECTOR = YES;
				GCC_WARN_UNINITIALIZED_AUTOS = YES_AGGRESSIVE;
				GCC_WARN_UNUSED_FUNCTION = YES;
				GCC_WARN_UNUSED_VARIABLE = YES;
				IPHONEOS_DEPLOYMENT_TARGET = 15.2;
				MTL_ENABLE_DEBUG_INFO = NO;
				MTL_FAST_MATH = YES;
				SDKROOT = iphoneos;
				SWIFT_COMPILATION_MODE = wholemodule;
				SWIFT_OPTIMIZATION_LEVEL = "-O";
				VALIDATE_PRODUCT = YES;
			};
			name = Release;
		};
		55E6AD87276A8FA10040BD7F /* Debug */ = {
			isa = XCBuildConfiguration;
			baseConfigurationReference = 7450FBF2ADA3B2D1394FD95A /* Pods-sicredi-test.debug.xcconfig */;
			buildSettings = {
				ASSETCATALOG_COMPILER_APPICON_NAME = AppIcon;
				ASSETCATALOG_COMPILER_GLOBAL_ACCENT_COLOR_NAME = AccentColor;
				CODE_SIGN_STYLE = Automatic;
				CURRENT_PROJECT_VERSION = 1;
				DEVELOPMENT_TEAM = C8ULV38G2Z;
				GENERATE_INFOPLIST_FILE = YES;
				INFOPLIST_FILE = "sicredi-test/Info.plist";
				INFOPLIST_KEY_UIApplicationSupportsIndirectInputEvents = YES;
				INFOPLIST_KEY_UILaunchStoryboardName = LaunchScreen;
				INFOPLIST_KEY_UIMainStoryboardFile = Main;
				INFOPLIST_KEY_UISupportedInterfaceOrientations = UIInterfaceOrientationPortrait;
				INFOPLIST_KEY_UISupportedInterfaceOrientations_iPad = "UIInterfaceOrientationPortrait UIInterfaceOrientationPortraitUpsideDown UIInterfaceOrientationLandscapeLeft UIInterfaceOrientationLandscapeRight";
				INFOPLIST_KEY_UISupportedInterfaceOrientations_iPhone = "UIInterfaceOrientationPortrait UIInterfaceOrientationLandscapeLeft UIInterfaceOrientationLandscapeRight";
				IPHONEOS_DEPLOYMENT_TARGET = 15.1;
				LD_RUNPATH_SEARCH_PATHS = (
					"$(inherited)",
					"@executable_path/Frameworks",
				);
				MARKETING_VERSION = 1.0;
				PRODUCT_BUNDLE_IDENTIFIER = "com.fernando.sicredi-test";
				PRODUCT_NAME = "$(TARGET_NAME)";
				SWIFT_EMIT_LOC_STRINGS = YES;
				SWIFT_VERSION = 5.0;
				TARGETED_DEVICE_FAMILY = "1,2";
			};
			name = Debug;
		};
		55E6AD88276A8FA10040BD7F /* Release */ = {
			isa = XCBuildConfiguration;
			baseConfigurationReference = 9A0D06059E33C1AD4AD60ADE /* Pods-sicredi-test.release.xcconfig */;
			buildSettings = {
				ASSETCATALOG_COMPILER_APPICON_NAME = AppIcon;
				ASSETCATALOG_COMPILER_GLOBAL_ACCENT_COLOR_NAME = AccentColor;
				CODE_SIGN_STYLE = Automatic;
				CURRENT_PROJECT_VERSION = 1;
				DEVELOPMENT_TEAM = C8ULV38G2Z;
				GENERATE_INFOPLIST_FILE = YES;
				INFOPLIST_FILE = "sicredi-test/Info.plist";
				INFOPLIST_KEY_UIApplicationSupportsIndirectInputEvents = YES;
				INFOPLIST_KEY_UILaunchStoryboardName = LaunchScreen;
				INFOPLIST_KEY_UIMainStoryboardFile = Main;
				INFOPLIST_KEY_UISupportedInterfaceOrientations = UIInterfaceOrientationPortrait;
				INFOPLIST_KEY_UISupportedInterfaceOrientations_iPad = "UIInterfaceOrientationPortrait UIInterfaceOrientationPortraitUpsideDown UIInterfaceOrientationLandscapeLeft UIInterfaceOrientationLandscapeRight";
				INFOPLIST_KEY_UISupportedInterfaceOrientations_iPhone = "UIInterfaceOrientationPortrait UIInterfaceOrientationLandscapeLeft UIInterfaceOrientationLandscapeRight";
				IPHONEOS_DEPLOYMENT_TARGET = 15.1;
				LD_RUNPATH_SEARCH_PATHS = (
					"$(inherited)",
					"@executable_path/Frameworks",
				);
				MARKETING_VERSION = 1.0;
				PRODUCT_BUNDLE_IDENTIFIER = "com.fernando.sicredi-test";
				PRODUCT_NAME = "$(TARGET_NAME)";
				SWIFT_EMIT_LOC_STRINGS = YES;
				SWIFT_VERSION = 5.0;
				TARGETED_DEVICE_FAMILY = "1,2";
			};
			name = Release;
		};
/* End XCBuildConfiguration section */

/* Begin XCConfigurationList section */
		55103289279ED7F200C05999 /* Build configuration list for PBXNativeTarget "sicredi-testTests" */ = {
			isa = XCConfigurationList;
			buildConfigurations = (
				55103287279ED7F200C05999 /* Debug */,
				55103288279ED7F200C05999 /* Release */,
			);
			defaultConfigurationIsVisible = 0;
			defaultConfigurationName = Release;
		};
		55E6AD6D276A8F9F0040BD7F /* Build configuration list for PBXProject "sicredi-test" */ = {
			isa = XCConfigurationList;
			buildConfigurations = (
				55E6AD84276A8FA10040BD7F /* Debug */,
				55E6AD85276A8FA10040BD7F /* Release */,
			);
			defaultConfigurationIsVisible = 0;
			defaultConfigurationName = Release;
		};
		55E6AD86276A8FA10040BD7F /* Build configuration list for PBXNativeTarget "sicredi-test" */ = {
			isa = XCConfigurationList;
			buildConfigurations = (
				55E6AD87276A8FA10040BD7F /* Debug */,
				55E6AD88276A8FA10040BD7F /* Release */,
			);
			defaultConfigurationIsVisible = 0;
			defaultConfigurationName = Release;
		};
/* End XCConfigurationList section */
	};
	rootObject = 55E6AD6A276A8F9F0040BD7F /* Project object */;
}
